
Microsoft Visual Studio Solution File, Format Version 12.00
# Visual Studio Version 17
VisualStudioVersion = 17.10.35013.160
MinimumVisualStudioVersion = 10.0.40219.1
Project("{FAE04EC0-301F-11D3-BF4B-00C04F79EFBC}") = "PracticalWork 13.0", "PracticalWork 13.0.csproj", "{D613FF28-BA51-4955-8B65-328068D0E661}"
EndProject
Global
	GlobalSection(SolutionConfigurationPlatforms) = preSolution
		Debug|Any CPU = Debug|Any CPU
		Release|Any CPU = Release|Any CPU
	EndGlobalSection
	GlobalSection(ProjectConfigurationPlatforms) = postSolution
		{D613FF28-BA51-4955-8B65-328068D0E661}.Debug|Any CPU.ActiveCfg = Debug|Any CPU
		{D613FF28-BA51-4955-8B65-328068D0E661}.Debug|Any CPU.Build.0 = Debug|Any CPU
		{D613FF28-BA51-4955-8B65-328068D0E661}.Release|Any CPU.ActiveCfg = Release|Any CPU
		{D613FF28-BA51-4955-8B65-328068D0E661}.Release|Any CPU.Build.0 = Release|Any CPU
	EndGlobalSection
	GlobalSection(SolutionProperties) = preSolution
		HideSolutionNode = FALSE
	EndGlobalSection
	GlobalSection(ExtensibilityGlobals) = postSolution
		SolutionGuid = {78A8468A-6A27-4D36-AF9E-1FC8373800F8}
	EndGlobalSection
EndGlobal
